# This file is automatically @generated by Cargo.
# It is not intended for manual editing.
version = 4

[[package]]
name = "block-mesh"
version = "0.2.0"
dependencies = [
 "ilattice",
 "ndcopy",
 "ndshape",
]

[[package]]
name = "glam"
version = "0.19.0"
source = "registry+https://github.com/rust-lang/crates.io-index"
checksum = "2b8509e6791516e81c1a630d0bd7fbac36d2fa8712a9da8662e716b52d5051ca"

[[package]]
name = "ilattice"
version = "0.1.0"
source = "registry+https://github.com/rust-lang/crates.io-index"
checksum = "f3db9046391c0e0658a18e23877706d16e48cc8b4711702b9f703776410c2b84"
dependencies = [
 "glam",
]

[[package]]
name = "ndcopy"
version = "0.3.0"
source = "registry+https://github.com/rust-lang/crates.io-index"
checksum = "24f4e41b81e3f7a4b742755be1bb368a6faafc43af555fe135c36b0efe095c59"
dependencies = [
 "ndshape",
]

[[package]]
name = "ndshape"
version = "0.3.0"
source = "registry+https://github.com/rust-lang/crates.io-index"
checksum = "975bce586ad637e27f6dc26ee907c07050686a588695bfd64b7873a9d48a700c"
dependencies = [
 "static_assertions",
]

[[package]]
name = "static_assertions"
version = "1.1.0"
source = "registry+https://github.com/rust-lang/crates.io-index"
checksum = "a2eb9349b6444b326872e140eb1cf5e7c522154d69e7a0ffb0fb81c06b37543f"

[[package]]
name = "wildkin-voxel-block-mesh-spike"
version = "0.1.0"
dependencies = [
 "block-mesh",
]
